
Microsoft Visual Studio Solution File, Format Version 12.00
# Visual Studio Version 17
VisualStudioVersion = 17.5.33502.453
MinimumVisualStudioVersion = 10.0.40219.1
Project("{FAE04EC0-301F-11D3-BF4B-00C04F79EFBC}") = "EventosWEB", "EventosWEB\EventosWEB.csproj", "{1E4C6223-A409-4FCB-A21E-A56496BCBCAA}"
EndProject
Project("{FAE04EC0-301F-11D3-BF4B-00C04F79EFBC}") = "EventosModel", "EventosModel\EventosModel.csproj", "{1EF322E5-2E17-417D-9DC2-D5D74E74D8F4}"
EndProject
Global
	GlobalSection(SolutionConfigurationPlatforms) = preSolution
		Debug|Any CPU = Debug|Any CPU
		Release|Any CPU = Release|Any CPU
	EndGlobalSection
	GlobalSection(ProjectConfigurationPlatforms) = postSolution
		{1E4C6223-A409-4FCB-A21E-A56496BCBCAA}.Debug|Any CPU.ActiveCfg = Debug|Any CPU
		{1E4C6223-A409-4FCB-A21E-A56496BCBCAA}.Debug|Any CPU.Build.0 = Debug|Any CPU
		{1E4C6223-A409-4FCB-A21E-A56496BCBCAA}.Release|Any CPU.ActiveCfg = Release|Any CPU
		{1E4C6223-A409-4FCB-A21E-A56496BCBCAA}.Release|Any CPU.Build.0 = Release|Any CPU
		{1EF322E5-2E17-417D-9DC2-D5D74E74D8F4}.Debug|Any CPU.ActiveCfg = Debug|Any CPU
		{1EF322E5-2E17-417D-9DC2-D5D74E74D8F4}.Debug|Any CPU.Build.0 = Debug|Any CPU
		{1EF322E5-2E17-417D-9DC2-D5D74E74D8F4}.Release|Any CPU.ActiveCfg = Release|Any CPU
		{1EF322E5-2E17-417D-9DC2-D5D74E74D8F4}.Release|Any CPU.Build.0 = Release|Any CPU
	EndGlobalSection
	GlobalSection(SolutionProperties) = preSolution
		HideSolutionNode = FALSE
	EndGlobalSection
	GlobalSection(ExtensibilityGlobals) = postSolution
		SolutionGuid = {3388DC40-00B8-436D-A5B1-7FFEEFB0843B}
	EndGlobalSection
EndGlobal
